// !$*UTF8*$!
{
	archiveVersion = 1;
	classes = {
	};
	objectVersion = 46;
	objects = {

/* Begin PBXBuildFile section */
		44C17FBAC497E37B1A621CE3 /* Pods_SimpleFinance.framework in Frameworks */ = {isa = PBXBuildFile; fileRef = D5572D401F27B0291533E501 /* Pods_SimpleFinance.framework */; };
		4F01361B1DA47D1200E55492 /* TransactionCell.swift in Sources */ = {isa = PBXBuildFile; fileRef = 4F01361A1DA47D1200E55492 /* TransactionCell.swift */; };
		4F01361E1DA4C82D00E55492 /* GroupCell.swift in Sources */ = {isa = PBXBuildFile; fileRef = 4F01361D1DA4C82D00E55492 /* GroupCell.swift */; };
		4F24303D1D5821D300F1A5D8 /* AppDelegate.swift in Sources */ = {isa = PBXBuildFile; fileRef = 4F24303C1D5821D300F1A5D8 /* AppDelegate.swift */; };
		4F24303F1D5821D300F1A5D8 /* ViewController.swift in Sources */ = {isa = PBXBuildFile; fileRef = 4F24303E1D5821D300F1A5D8 /* ViewController.swift */; };
		4F2430421D5821D300F1A5D8 /* Main.storyboard in Resources */ = {isa = PBXBuildFile; fileRef = 4F2430401D5821D300F1A5D8 /* Main.storyboard */; };
		4F2430451D5821D300F1A5D8 /* SimpleFinance.xcdatamodeld in Sources */ = {isa = PBXBuildFile; fileRef = 4F2430431D5821D300F1A5D8 /* SimpleFinance.xcdatamodeld */; };
		4F2430471D5821D300F1A5D8 /* Assets.xcassets in Resources */ = {isa = PBXBuildFile; fileRef = 4F2430461D5821D300F1A5D8 /* Assets.xcassets */; };
		4F24304A1D5821D300F1A5D8 /* LaunchScreen.storyboard in Resources */ = {isa = PBXBuildFile; fileRef = 4F2430481D5821D300F1A5D8 /* LaunchScreen.storyboard */; };
		4F2430521D58263400F1A5D8 /* ContentViewController.swift in Sources */ = {isa = PBXBuildFile; fileRef = 4F2430511D58263400F1A5D8 /* ContentViewController.swift */; };
		4F3062EC1D5BAD2000BF8FF9 /* GoogleService-Info.plist in Resources */ = {isa = PBXBuildFile; fileRef = 4F3062EB1D5BAD2000BF8FF9 /* GoogleService-Info.plist */; };
		4F3062EE1D5BBF5F00BF8FF9 /* LoginViewController.swift in Sources */ = {isa = PBXBuildFile; fileRef = 4F3062ED1D5BBF5F00BF8FF9 /* LoginViewController.swift */; };
		4F3062F41D5CF9C000BF8FF9 /* SettingsViewController.swift in Sources */ = {isa = PBXBuildFile; fileRef = 4F3062F31D5CF9C000BF8FF9 /* SettingsViewController.swift */; };
		4F3062F61D5D060700BF8FF9 /* TransactionsViewController.swift in Sources */ = {isa = PBXBuildFile; fileRef = 4F3062F51D5D060700BF8FF9 /* TransactionsViewController.swift */; };
		4F38BF1D1DED3CAD000A5983 /* GroupViewController.swift in Sources */ = {isa = PBXBuildFile; fileRef = 4F38BF1C1DED3CAD000A5983 /* GroupViewController.swift */; };
		4F3BC4AC1D6E0F1C007A3555 /* Transaction.swift in Sources */ = {isa = PBXBuildFile; fileRef = 4F3BC4AB1D6E0F1C007A3555 /* Transaction.swift */; };
		4F3BC4AE1D6F6410007A3555 /* Group.swift in Sources */ = {isa = PBXBuildFile; fileRef = 4F3BC4AD1D6F6410007A3555 /* Group.swift */; };
/* End PBXBuildFile section */

/* Begin PBXFileReference section */
		3E7D0B53BABFCA146123AC4C /* Pods-SimpleFinance.debug.xcconfig */ = {isa = PBXFileReference; includeInIndex = 1; lastKnownFileType = text.xcconfig; name = "Pods-SimpleFinance.debug.xcconfig"; path = "Pods/Target Support Files/Pods-SimpleFinance/Pods-SimpleFinance.debug.xcconfig"; sourceTree = "<group>"; };
		4F01361A1DA47D1200E55492 /* TransactionCell.swift */ = {isa = PBXFileReference; fileEncoding = 4; lastKnownFileType = sourcecode.swift; path = TransactionCell.swift; sourceTree = "<group>"; };
		4F01361D1DA4C82D00E55492 /* GroupCell.swift */ = {isa = PBXFileReference; fileEncoding = 4; lastKnownFileType = sourcecode.swift; path = GroupCell.swift; sourceTree = "<group>"; };
		4F2430391D5821D300F1A5D8 /* SimpleFinance.app */ = {isa = PBXFileReference; explicitFileType = wrapper.application; includeInIndex = 0; path = SimpleFinance.app; sourceTree = BUILT_PRODUCTS_DIR; };
		4F24303C1D5821D300F1A5D8 /* AppDelegate.swift */ = {isa = PBXFileReference; lastKnownFileType = sourcecode.swift; path = AppDelegate.swift; sourceTree = "<group>"; };
		4F24303E1D5821D300F1A5D8 /* ViewController.swift */ = {isa = PBXFileReference; lastKnownFileType = sourcecode.swift; path = ViewController.swift; sourceTree = "<group>"; };
		4F2430411D5821D300F1A5D8 /* Base */ = {isa = PBXFileReference; lastKnownFileType = file.storyboard; name = Base; path = Base.lproj/Main.storyboard; sourceTree = "<group>"; };
		4F2430441D5821D300F1A5D8 /* SimpleFinance.xcdatamodel */ = {isa = PBXFileReference; lastKnownFileType = wrapper.xcdatamodel; path = SimpleFinance.xcdatamodel; sourceTree = "<group>"; };
		4F2430461D5821D300F1A5D8 /* Assets.xcassets */ = {isa = PBXFileReference; lastKnownFileType = folder.assetcatalog; path = Assets.xcassets; sourceTree = "<group>"; };
		4F2430491D5821D300F1A5D8 /* Base */ = {isa = PBXFileReference; lastKnownFileType = file.storyboard; name = Base; path = Base.lproj/LaunchScreen.storyboard; sourceTree = "<group>"; };
		4F24304B1D5821D300F1A5D8 /* Info.plist */ = {isa = PBXFileReference; lastKnownFileType = text.plist.xml; path = Info.plist; sourceTree = "<group>"; };
		4F2430511D58263400F1A5D8 /* ContentViewController.swift */ = {isa = PBXFileReference; fileEncoding = 4; lastKnownFileType = sourcecode.swift; path = ContentViewController.swift; sourceTree = "<group>"; };
		4F3062EB1D5BAD2000BF8FF9 /* GoogleService-Info.plist */ = {isa = PBXFileReference; fileEncoding = 4; lastKnownFileType = text.plist.xml; path = "GoogleService-Info.plist"; sourceTree = "<group>"; };
		4F3062ED1D5BBF5F00BF8FF9 /* LoginViewController.swift */ = {isa = PBXFileReference; fileEncoding = 4; lastKnownFileType = sourcecode.swift; path = LoginViewController.swift; sourceTree = "<group>"; };
		4F3062F31D5CF9C000BF8FF9 /* SettingsViewController.swift */ = {isa = PBXFileReference; fileEncoding = 4; lastKnownFileType = sourcecode.swift; path = SettingsViewController.swift; sourceTree = "<group>"; };
		4F3062F51D5D060700BF8FF9 /* TransactionsViewController.swift */ = {isa = PBXFileReference; fileEncoding = 4; lastKnownFileType = sourcecode.swift; path = TransactionsViewController.swift; sourceTree = "<group>"; };
		4F38BF1C1DED3CAD000A5983 /* GroupViewController.swift */ = {isa = PBXFileReference; fileEncoding = 4; lastKnownFileType = sourcecode.swift; path = GroupViewController.swift; sourceTree = "<group>"; };
		4F3BC4AB1D6E0F1C007A3555 /* Transaction.swift */ = {isa = PBXFileReference; fileEncoding = 4; lastKnownFileType = sourcecode.swift; path = Transaction.swift; sourceTree = "<group>"; };
		4F3BC4AD1D6F6410007A3555 /* Group.swift */ = {isa = PBXFileReference; fileEncoding = 4; lastKnownFileType = sourcecode.swift; path = Group.swift; sourceTree = "<group>"; };
		4FD5A5381DC83EF200341B89 /* SimpleFinance.entitlements */ = {isa = PBXFileReference; lastKnownFileType = text.plist.entitlements; path = SimpleFinance.entitlements; sourceTree = "<group>"; };
		A579213501EDBB62B1CF6AA8 /* Pods-SimpleFinance.release.xcconfig */ = {isa = PBXFileReference; includeInIndex = 1; lastKnownFileType = text.xcconfig; name = "Pods-SimpleFinance.release.xcconfig"; path = "Pods/Target Support Files/Pods-SimpleFinance/Pods-SimpleFinance.release.xcconfig"; sourceTree = "<group>"; };
		D5572D401F27B0291533E501 /* Pods_SimpleFinance.framework */ = {isa = PBXFileReference; explicitFileType = wrapper.framework; includeInIndex = 0; path = Pods_SimpleFinance.framework; sourceTree = BUILT_PRODUCTS_DIR; };
/* End PBXFileReference section */

/* Begin PBXFrameworksBuildPhase section */
		4F2430361D5821D300F1A5D8 /* Frameworks */ = {
			isa = PBXFrameworksBuildPhase;
			buildActionMask = 2147483647;
			files = (
				44C17FBAC497E37B1A621CE3 /* Pods_SimpleFinance.framework in Frameworks */,
			);
			runOnlyForDeploymentPostprocessing = 0;
		};
/* End PBXFrameworksBuildPhase section */

/* Begin PBXGroup section */
		203FB0EF45991D76E93F3A8C /* Pods */ = {
			isa = PBXGroup;
			children = (
				3E7D0B53BABFCA146123AC4C /* Pods-SimpleFinance.debug.xcconfig */,
				A579213501EDBB62B1CF6AA8 /* Pods-SimpleFinance.release.xcconfig */,
			);
			name = Pods;
			sourceTree = "<group>";
		};
		4F01361C1DA4C7D100E55492 /* Cells */ = {
			isa = PBXGroup;
			children = (
				4F01361A1DA47D1200E55492 /* TransactionCell.swift */,
				4F01361D1DA4C82D00E55492 /* GroupCell.swift */,
			);
			name = Cells;
			sourceTree = "<group>";
		};
		4F2430301D5821D300F1A5D8 = {
			isa = PBXGroup;
			children = (
				4F24303B1D5821D300F1A5D8 /* SimpleFinance */,
				4F24303A1D5821D300F1A5D8 /* Products */,
				203FB0EF45991D76E93F3A8C /* Pods */,
				B1729C2D41F9CB901EE3A200 /* Frameworks */,
			);
			sourceTree = "<group>";
		};
		4F24303A1D5821D300F1A5D8 /* Products */ = {
			isa = PBXGroup;
			children = (
				4F2430391D5821D300F1A5D8 /* SimpleFinance.app */,
			);
			name = Products;
			sourceTree = "<group>";
		};
		4F24303B1D5821D300F1A5D8 /* SimpleFinance */ = {
			isa = PBXGroup;
			children = (
				4FD5A5381DC83EF200341B89 /* SimpleFinance.entitlements */,
				4F01361C1DA4C7D100E55492 /* Cells */,
				4F3BE1B11DBF183C00716A4D /* Classes */,
				4F24303C1D5821D300F1A5D8 /* AppDelegate.swift */,
				4F24303E1D5821D300F1A5D8 /* ViewController.swift */,
				4F2430401D5821D300F1A5D8 /* Main.storyboard */,
				4F38BF1C1DED3CAD000A5983 /* GroupViewController.swift */,
				4F3062F51D5D060700BF8FF9 /* TransactionsViewController.swift */,
				4F3062F31D5CF9C000BF8FF9 /* SettingsViewController.swift */,
				4F3062ED1D5BBF5F00BF8FF9 /* LoginViewController.swift */,
				4F2430511D58263400F1A5D8 /* ContentViewController.swift */,
				4F2430461D5821D300F1A5D8 /* Assets.xcassets */,
				4F2430481D5821D300F1A5D8 /* LaunchScreen.storyboard */,
				4F24304B1D5821D300F1A5D8 /* Info.plist */,
				4F3062EB1D5BAD2000BF8FF9 /* GoogleService-Info.plist */,
				4F2430431D5821D300F1A5D8 /* SimpleFinance.xcdatamodeld */,
			);
			path = SimpleFinance;
			sourceTree = "<group>";
		};
		4F3BE1B11DBF183C00716A4D /* Classes */ = {
			isa = PBXGroup;
			children = (
				4F3BC4AB1D6E0F1C007A3555 /* Transaction.swift */,
				4F3BC4AD1D6F6410007A3555 /* Group.swift */,
			);
			name = Classes;
			sourceTree = "<group>";
		};
		B1729C2D41F9CB901EE3A200 /* Frameworks */ = {
			isa = PBXGroup;
			children = (
				D5572D401F27B0291533E501 /* Pods_SimpleFinance.framework */,
			);
			name = Frameworks;
			sourceTree = "<group>";
		};
/* End PBXGroup section */

/* Begin PBXNativeTarget section */
		4F2430381D5821D300F1A5D8 /* SimpleFinance */ = {
			isa = PBXNativeTarget;
			buildConfigurationList = 4F24304E1D5821D300F1A5D8 /* Build configuration list for PBXNativeTarget "SimpleFinance" */;
			buildPhases = (
				48099FAA1383E2AF0932C954 /* [CP] Check Pods Manifest.lock */,
				4F2430351D5821D300F1A5D8 /* Sources */,
				4F2430361D5821D300F1A5D8 /* Frameworks */,
				4F2430371D5821D300F1A5D8 /* Resources */,
				D76805C1B096D2F30DDB3DD5 /* [CP] Embed Pods Frameworks */,
				E23D19F88BDF8CB3D1857C80 /* [CP] Copy Pods Resources */,
			);
			buildRules = (
			);
			dependencies = (
			);
			name = SimpleFinance;
			productName = SimpleFinance;
			productReference = 4F2430391D5821D300F1A5D8 /* SimpleFinance.app */;
			productType = "com.apple.product-type.application";
		};
/* End PBXNativeTarget section */

/* Begin PBXProject section */
		4F2430311D5821D300F1A5D8 /* Project object */ = {
			isa = PBXProject;
			attributes = {
				LastSwiftUpdateCheck = 0720;
				LastUpgradeCheck = 0720;
				ORGANIZATIONNAME = nfayazov;
				TargetAttributes = {
					4F2430381D5821D300F1A5D8 = {
						CreatedOnToolsVersion = 7.2;
						DevelopmentTeam = VRSN48FL7R;
						LastSwiftMigration = 0810;
						SystemCapabilities = {
							com.apple.Keychain = {
								enabled = 1;
							};
						};
					};
				};
			};
			buildConfigurationList = 4F2430341D5821D300F1A5D8 /* Build configuration list for PBXProject "SimpleFinance" */;
			compatibilityVersion = "Xcode 3.2";
			developmentRegion = English;
			hasScannedForEncodings = 0;
			knownRegions = (
				en,
				Base,
			);
			mainGroup = 4F2430301D5821D300F1A5D8;
			productRefGroup = 4F24303A1D5821D300F1A5D8 /* Products */;
			projectDirPath = "";
			projectRoot = "";
			targets = (
				4F2430381D5821D300F1A5D8 /* SimpleFinance */,
			);
		};
/* End PBXProject section */

/* Begin PBXResourcesBuildPhase section */
		4F2430371D5821D300F1A5D8 /* Resources */ = {
			isa = PBXResourcesBuildPhase;
			buildActionMask = 2147483647;
			files = (
				4F24304A1D5821D300F1A5D8 /* LaunchScreen.storyboard in Resources */,
				4F3062EC1D5BAD2000BF8FF9 /* GoogleService-Info.plist in Resources */,
				4F2430471D5821D300F1A5D8 /* Assets.xcassets in Resources */,
				4F2430421D5821D300F1A5D8 /* Main.storyboard in Resources */,
			);
			runOnlyForDeploymentPostprocessing = 0;
		};
/* End PBXResourcesBuildPhase section */

/* Begin PBXShellScriptBuildPhase section */
		48099FAA1383E2AF0932C954 /* [CP] Check Pods Manifest.lock */ = {
			isa = PBXShellScriptBuildPhase;
			buildActionMask = 2147483647;
			files = (
			);
			inputPaths = (
			);
			name = "[CP] Check Pods Manifest.lock";
			outputPaths = (
			);
			runOnlyForDeploymentPostprocessing = 0;
			shellPath = /bin/sh;
			shellScript = "diff \"${PODS_ROOT}/../Podfile.lock\" \"${PODS_ROOT}/Manifest.lock\" > /dev/null\nif [[ $? != 0 ]] ; then\n    cat << EOM\nerror: The sandbox is not in sync with the Podfile.lock. Run 'pod install' or update your CocoaPods installation.\nEOM\n    exit 1\nfi\n";
			showEnvVarsInLog = 0;
		};
		D76805C1B096D2F30DDB3DD5 /* [CP] Embed Pods Frameworks */ = {
			isa = PBXShellScriptBuildPhase;
			buildActionMask = 2147483647;
			files = (
			);
			inputPaths = (
			);
			name = "[CP] Embed Pods Frameworks";
			outputPaths = (
			);
			runOnlyForDeploymentPostprocessing = 0;
			shellPath = /bin/sh;
			shellScript = "\"${SRCROOT}/Pods/Target Support Files/Pods-SimpleFinance/Pods-SimpleFinance-frameworks.sh\"\n";
			showEnvVarsInLog = 0;
		};
		E23D19F88BDF8CB3D1857C80 /* [CP] Copy Pods Resources */ = {
			isa = PBXShellScriptBuildPhase;
			buildActionMask = 2147483647;
			files = (
			);
			inputPaths = (
			);
			name = "[CP] Copy Pods Resources";
			outputPaths = (
			);
			runOnlyForDeploymentPostprocessing = 0;
			shellPath = /bin/sh;
			shellScript = "\"${SRCROOT}/Pods/Target Support Files/Pods-SimpleFinance/Pods-SimpleFinance-resources.sh\"\n";
			showEnvVarsInLog = 0;
		};
/* End PBXShellScriptBuildPhase section */

/* Begin PBXSourcesBuildPhase section */
		4F2430351D5821D300F1A5D8 /* Sources */ = {
			isa = PBXSourcesBuildPhase;
			buildActionMask = 2147483647;
			files = (
				4F3062F61D5D060700BF8FF9 /* TransactionsViewController.swift in Sources */,
				4F01361B1DA47D1200E55492 /* TransactionCell.swift in Sources */,
				4F01361E1DA4C82D00E55492 /* GroupCell.swift in Sources */,
				4F2430521D58263400F1A5D8 /* ContentViewController.swift in Sources */,
				4F38BF1D1DED3CAD000A5983 /* GroupViewController.swift in Sources */,
				4F3BC4AE1D6F6410007A3555 /* Group.swift in Sources */,
				4F24303F1D5821D300F1A5D8 /* ViewController.swift in Sources */,
				4F24303D1D5821D300F1A5D8 /* AppDelegate.swift in Sources */,
				4F3062EE1D5BBF5F00BF8FF9 /* LoginViewController.swift in Sources */,
				4F2430451D5821D300F1A5D8 /* SimpleFinance.xcdatamodeld in Sources */,
				4F3062F41D5CF9C000BF8FF9 /* SettingsViewController.swift in Sources */,
				4F3BC4AC1D6E0F1C007A3555 /* Transaction.swift in Sources */,
			);
			runOnlyForDeploymentPostprocessing = 0;
		};
/* End PBXSourcesBuildPhase section */

/* Begin PBXVariantGroup section */
		4F2430401D5821D300F1A5D8 /* Main.storyboard */ = {
			isa = PBXVariantGroup;
			children = (
				4F2430411D5821D300F1A5D8 /* Base */,
			);
			name = Main.storyboard;
			sourceTree = "<group>";
		};
		4F2430481D5821D300F1A5D8 /* LaunchScreen.storyboard */ = {
			isa = PBXVariantGroup;
			children = (
				4F2430491D5821D300F1A5D8 /* Base */,
			);
			name = LaunchScreen.storyboard;
			sourceTree = "<group>";
		};
/* End PBXVariantGroup section */

/* Begin XCBuildConfiguration section */
		4F24304C1D5821D300F1A5D8 /* Debug */ = {
			isa = XCBuildConfiguration;
			buildSettings = {
				ALWAYS_SEARCH_USER_PATHS = NO;
				CLANG_CXX_LANGUAGE_STANDARD = "gnu++0x";
				CLANG_CXX_LIBRARY = "libc++";
				CLANG_ENABLE_MODULES = YES;
				CLANG_ENABLE_OBJC_ARC = YES;
				CLANG_WARN_BOOL_CONVERSION = YES;
				CLANG_WARN_CONSTANT_CONVERSION = YES;
				CLANG_WARN_DIRECT_OBJC_ISA_USAGE = YES_ERROR;
				CLANG_WARN_EMPTY_BODY = YES;
				CLANG_WARN_ENUM_CONVERSION = YES;
				CLANG_WARN_INT_CONVERSION = YES;
				CLANG_WARN_OBJC_ROOT_CLASS = YES_ERROR;
				CLANG_WARN_UNREACHABLE_CODE = YES;
				CLANG_WARN__DUPLICATE_METHOD_MATCH = YES;
				"CODE_SIGN_IDENTITY[sdk=iphoneos*]" = "iPhone Developer";
				COPY_PHASE_STRIP = NO;
				DEBUG_INFORMATION_FORMAT = dwarf;
				ENABLE_STRICT_OBJC_MSGSEND = YES;
				ENABLE_TESTABILITY = YES;
				GCC_C_LANGUAGE_STANDARD = gnu99;
				GCC_DYNAMIC_NO_PIC = NO;
				GCC_NO_COMMON_BLOCKS = YES;
				GCC_OPTIMIZATION_LEVEL = 0;
				GCC_PREPROCESSOR_DEFINITIONS = (
					"DEBUG=1",
					"$(inherited)",
				);
				GCC_WARN_64_TO_32_BIT_CONVERSION = YES;
				GCC_WARN_ABOUT_RETURN_TYPE = YES_ERROR;
				GCC_WARN_UNDECLARED_SELECTOR = YES;
				GCC_WARN_UNINITIALIZED_AUTOS = YES_AGGRESSIVE;
				GCC_WARN_UNUSED_FUNCTION = YES;
				GCC_WARN_UNUSED_VARIABLE = YES;
				IPHONEOS_DEPLOYMENT_TARGET = 9.2;
				MTL_ENABLE_DEBUG_INFO = YES;
				ONLY_ACTIVE_ARCH = YES;
				SDKROOT = iphoneos;
				SWIFT_OPTIMIZATION_LEVEL = "-Onone";
			};
			name = Debug;
		};
		4F24304D1D5821D300F1A5D8 /* Release */ = {
			isa = XCBuildConfiguration;
			buildSettings = {
				ALWAYS_SEARCH_USER_PATHS = NO;
				CLANG_CXX_LANGUAGE_STANDARD = "gnu++0x";
				CLANG_CXX_LIBRARY = "libc++";
				CLANG_ENABLE_MODULES = YES;
				CLANG_ENABLE_OBJC_ARC = YES;
				CLANG_WARN_BOOL_CONVERSION = YES;
				CLANG_WARN_CONSTANT_CONVERSION = YES;
				CLANG_WARN_DIRECT_OBJC_ISA_USAGE = YES_ERROR;
				CLANG_WARN_EMPTY_BODY = YES;
				CLANG_WARN_ENUM_CONVERSION = YES;
				CLANG_WARN_INT_CONVERSION = YES;
				CLANG_WARN_OBJC_ROOT_CLASS = YES_ERROR;
				CLANG_WARN_UNREACHABLE_CODE = YES;
				CLANG_WARN__DUPLICATE_METHOD_MATCH = YES;
				"CODE_SIGN_IDENTITY[sdk=iphoneos*]" = "iPhone Developer";
				COPY_PHASE_STRIP = NO;
				DEBUG_INFORMATION_FORMAT = "dwarf-with-dsym";
				ENABLE_NS_ASSERTIONS = NO;
				ENABLE_STRICT_OBJC_MSGSEND = YES;
				GCC_C_LANGUAGE_STANDARD = gnu99;
				GCC_NO_COMMON_BLOCKS = YES;
				GCC_WARN_64_TO_32_BIT_CONVERSION = YES;
				GCC_WARN_ABOUT_RETURN_TYPE = YES_ERROR;
				GCC_WARN_UNDECLARED_SELECTOR = YES;
				GCC_WARN_UNINITIALIZED_AUTOS = YES_AGGRESSIVE;
				GCC_WARN_UNUSED_FUNCTION = YES;
				GCC_WARN_UNUSED_VARIABLE = YES;
				IPHONEOS_DEPLOYMENT_TARGET = 9.2;
				MTL_ENABLE_DEBUG_INFO = NO;
				SDKROOT = iphoneos;
				VALIDATE_PRODUCT = YES;
			};
			name = Release;
		};
		4F24304F1D5821D300F1A5D8 /* Debug */ = {
			isa = XCBuildConfiguration;
			baseConfigurationReference = 3E7D0B53BABFCA146123AC4C /* Pods-SimpleFinance.debug.xcconfig */;
			buildSettings = {
				ASSETCATALOG_COMPILER_APPICON_NAME = AppIcon;
				CODE_SIGN_ENTITLEMENTS = SimpleFinance/SimpleFinance.entitlements;
				DEVELOPMENT_TEAM = VRSN48FL7R;
				INFOPLIST_FILE = SimpleFinance/Info.plist;
				LD_RUNPATH_SEARCH_PATHS = "$(inherited) @executable_path/Frameworks";
				PRODUCT_BUNDLE_IDENTIFIER = com.nfayazov.SimpleFinance;
				PRODUCT_NAME = "$(TARGET_NAME)";
				SWIFT_VERSION = 3.0;
			};
			name = Debug;
		};
		4F2430501D5821D300F1A5D8 /* Release */ = {
			isa = XCBuildConfiguration;
			baseConfigurationReference = A579213501EDBB62B1CF6AA8 /* Pods-SimpleFinance.release.xcconfig */;
			buildSettings = {
				ASSETCATALOG_COMPILER_APPICON_NAME = AppIcon;
				CODE_SIGN_ENTITLEMENTS = SimpleFinance/SimpleFinance.entitlements;
				DEVELOPMENT_TEAM = VRSN48FL7R;
				INFOPLIST_FILE = SimpleFinance/Info.plist;
				LD_RUNPATH_SEARCH_PATHS = "$(inherited) @executable_path/Frameworks";
				PRODUCT_BUNDLE_IDENTIFIER = com.nfayazov.SimpleFinance;
				PRODUCT_NAME = "$(TARGET_NAME)";
				SWIFT_VERSION = 3.0;
			};
			name = Release;
		};
/* End XCBuildConfiguration section */

/* Begin XCConfigurationList section */
		4F2430341D5821D300F1A5D8 /* Build configuration list for PBXProject "SimpleFinance" */ = {
			isa = XCConfigurationList;
			buildConfigurations = (
				4F24304C1D5821D300F1A5D8 /* Debug */,
				4F24304D1D5821D300F1A5D8 /* Release */,
			);
			defaultConfigurationIsVisible = 0;
			defaultConfigurationName = Release;
		};
		4F24304E1D5821D300F1A5D8 /* Build configuration list for PBXNativeTarget "SimpleFinance" */ = {
			isa = XCConfigurationList;
			buildConfigurations = (
				4F24304F1D5821D300F1A5D8 /* Debug */,
				4F2430501D5821D300F1A5D8 /* Release */,
			);
			defaultConfigurationIsVisible = 0;
			defaultConfigurationName = Release;
		};
/* End XCConfigurationList section */

/* Begin XCVersionGroup section */
		4F2430431D5821D300F1A5D8 /* SimpleFinance.xcdatamodeld */ = {
			isa = XCVersionGroup;
			children = (
				4F2430441D5821D300F1A5D8 /* SimpleFinance.xcdatamodel */,
			);
			currentVersion = 4F2430441D5821D300F1A5D8 /* SimpleFinance.xcdatamodel */;
			path = SimpleFinance.xcdatamodeld;
			sourceTree = "<group>";
			versionGroupType = wrapper.xcdatamodel;
		};
/* End XCVersionGroup section */
	};
	rootObject = 4F2430311D5821D300F1A5D8 /* Project object */;
}
